// !$*UTF8*$!
{
	archiveVersion = 1;
	classes = {
	};
	objectVersion = 46;
	objects = {

/* Begin PBXBuildFile section */
		551E83DA1C325123003CCA4C /* TableViewCell.swift in Sources */ = {isa = PBXBuildFile; fileRef = 551E83D91C325123003CCA4C /* TableViewCell.swift */; };
		551E83DC1C326652003CCA4C /* CourseHelpScreen.swift in Sources */ = {isa = PBXBuildFile; fileRef = 551E83DB1C326652003CCA4C /* CourseHelpScreen.swift */; };
		551E83DE1C326D71003CCA4C /* CoursePlanScreen.swift in Sources */ = {isa = PBXBuildFile; fileRef = 551E83DD1C326D71003CCA4C /* CoursePlanScreen.swift */; };
		5527CBA41C913B7C009034FC /* SubGPAMenu.swift in Sources */ = {isa = PBXBuildFile; fileRef = 5527CBA31C913B7C009034FC /* SubGPAMenu.swift */; };
		553EDAAD1C3A52200063DD50 /* GraduationGPADisplay.swift in Sources */ = {isa = PBXBuildFile; fileRef = 553EDAAC1C3A52200063DD50 /* GraduationGPADisplay.swift */; };
		553EDAAF1C3A57F50063DD50 /* Social.framework in Frameworks */ = {isa = PBXBuildFile; fileRef = 553EDAAE1C3A57F50063DD50 /* Social.framework */; };
		554B33871C8C02F300529306 /* iAd.framework in Frameworks */ = {isa = PBXBuildFile; fileRef = 554B33861C8C02F300529306 /* iAd.framework */; };
		554B33891C8D487C00529306 /* FinalExamScores.swift in Sources */ = {isa = PBXBuildFile; fileRef = 554B33881C8D487C00529306 /* FinalExamScores.swift */; };
		557CAEDD1C35F51600309AAB /* FinalExamGrade.swift in Sources */ = {isa = PBXBuildFile; fileRef = 557CAEDC1C35F51600309AAB /* FinalExamGrade.swift */; };
		559800D51CB0DDE9007E0D1C /* GPAAdditionCourseHS.swift in Sources */ = {isa = PBXBuildFile; fileRef = 559800D41CB0DDE9007E0D1C /* GPAAdditionCourseHS.swift */; };
		559800D71CB0EBC6007E0D1C /* ContentViewController.swift in Sources */ = {isa = PBXBuildFile; fileRef = 559800D61CB0EBC6007E0D1C /* ContentViewController.swift */; };
		559800DD1CB0F687007E0D1C /* ViewPageController.swift in Sources */ = {isa = PBXBuildFile; fileRef = 559800DC1CB0F687007E0D1C /* ViewPageController.swift */; };
		55AC03E71C3106B800093A08 /* AppDelegate.swift in Sources */ = {isa = PBXBuildFile; fileRef = 55AC03E61C3106B800093A08 /* AppDelegate.swift */; };
		55AC03E91C3106B800093A08 /* ViewController.swift in Sources */ = {isa = PBXBuildFile; fileRef = 55AC03E81C3106B800093A08 /* ViewController.swift */; };
		55AC03F11C3106B800093A08 /* Assets.xcassets in Resources */ = {isa = PBXBuildFile; fileRef = 55AC03F01C3106B800093A08 /* Assets.xcassets */; };
		55AC03F41C3106B800093A08 /* LaunchScreen.storyboard in Resources */ = {isa = PBXBuildFile; fileRef = 55AC03F21C3106B800093A08 /* LaunchScreen.storyboard */; };
		55AC03FF1C3106B800093A08 /* GPACalculatorTests.swift in Sources */ = {isa = PBXBuildFile; fileRef = 55AC03FE1C3106B800093A08 /* GPACalculatorTests.swift */; };
		55AC040A1C3106B800093A08 /* GPACalculatorUITests.swift in Sources */ = {isa = PBXBuildFile; fileRef = 55AC04091C3106B800093A08 /* GPACalculatorUITests.swift */; };
		55C1A5531C38AAA2006CFBB0 /* CourseSelection.swift in Sources */ = {isa = PBXBuildFile; fileRef = 55C1A5521C38AAA2006CFBB0 /* CourseSelection.swift */; };
		55C1A5551C38B7EC006CFBB0 /* GPAAdditionCourseCOLLEGE.swift in Sources */ = {isa = PBXBuildFile; fileRef = 55C1A5541C38B7EC006CFBB0 /* GPAAdditionCourseCOLLEGE.swift */; };
		55C1A5571C38EC78006CFBB0 /* FinalGPA.swift in Sources */ = {isa = PBXBuildFile; fileRef = 55C1A5561C38EC78006CFBB0 /* FinalGPA.swift */; };
		55C1A5591C390443006CFBB0 /* DisplayGPA.swift in Sources */ = {isa = PBXBuildFile; fileRef = 55C1A5581C390443006CFBB0 /* DisplayGPA.swift */; };
		55C1A55B1C3A3A5D006CFBB0 /* TargetGPA.swift in Sources */ = {isa = PBXBuildFile; fileRef = 55C1A55A1C3A3A5D006CFBB0 /* TargetGPA.swift */; };
		6D08FF6F1D1233980007BBA9 /* DataController.swift in Sources */ = {isa = PBXBuildFile; fileRef = 6D08FF6E1D1233980007BBA9 /* DataController.swift */; };
		6D08FF721D13B1950007BBA9 /* GPACalculator.xcdatamodeld in Sources */ = {isa = PBXBuildFile; fileRef = 6D08FF701D13B1950007BBA9 /* GPACalculator.xcdatamodeld */; };
		6D08FF781D16549E0007BBA9 /* EditCourseViewController.swift in Sources */ = {isa = PBXBuildFile; fileRef = 6D08FF771D16549E0007BBA9 /* EditCourseViewController.swift */; };
		6D14215A1D0FC213004982A6 /* Main.storyboard in Resources */ = {isa = PBXBuildFile; fileRef = 6D1421581D0FC213004982A6 /* Main.storyboard */; };
		6D1F2A821D24B69D00FD9073 /* HSCourse+CoreDataProperties.swift in Sources */ = {isa = PBXBuildFile; fileRef = 6D1F2A801D24B69D00FD9073 /* HSCourse+CoreDataProperties.swift */; };
		6D1F2A831D24B69D00FD9073 /* HSCourse.swift in Sources */ = {isa = PBXBuildFile; fileRef = 6D1F2A811D24B69D00FD9073 /* HSCourse.swift */; };
		6D31F0261D1E4E5F0024793A /* Course+CoreDataProperties.swift in Sources */ = {isa = PBXBuildFile; fileRef = 6D31F0241D1E4E5F0024793A /* Course+CoreDataProperties.swift */; };
		6D31F0271D1E4E5F0024793A /* Course.swift in Sources */ = {isa = PBXBuildFile; fileRef = 6D31F0251D1E4E5F0024793A /* Course.swift */; };
		6D31F0291D1E4E850024793A /* SingleCourseDetails.swift in Sources */ = {isa = PBXBuildFile; fileRef = 6D31F0281D1E4E850024793A /* SingleCourseDetails.swift */; };
		6D31F02B1D1F4F120024793A /* CourseTableViewController.swift in Sources */ = {isa = PBXBuildFile; fileRef = 6D31F02A1D1F4F120024793A /* CourseTableViewController.swift */; };
		6D3C1E821D2DE61A003B7538 /* MainMenuViewController.swift in Sources */ = {isa = PBXBuildFile; fileRef = 6D3C1E811D2DE61A003B7538 /* MainMenuViewController.swift */; };
		6D41234F1D2CA6C3004B3A23 /* CollectionViewController.swift in Sources */ = {isa = PBXBuildFile; fileRef = 6D41234E1D2CA6C3004B3A23 /* CollectionViewController.swift */; };
		6D4123511D2CB076004B3A23 /* MainViewController.swift in Sources */ = {isa = PBXBuildFile; fileRef = 6D4123501D2CB076004B3A23 /* MainViewController.swift */; };
		6D703D601D03712A009E1593 /* FinalExamTableView.swift in Sources */ = {isa = PBXBuildFile; fileRef = 6D703D5F1D03712A009E1593 /* FinalExamTableView.swift */; };
		6D8317501D07BAB400A08DB1 /* ScrollView.swift in Sources */ = {isa = PBXBuildFile; fileRef = 6D83174F1D07BAB400A08DB1 /* ScrollView.swift */; };
		6DBD40931D0A7E78000565F3 /* sub2.swift in Sources */ = {isa = PBXBuildFile; fileRef = 6DBD40921D0A7E78000565F3 /* sub2.swift */; };
		6DBD40951D0D1E74000565F3 /* CourseGrade.swift in Sources */ = {isa = PBXBuildFile; fileRef = 6DBD40941D0D1E74000565F3 /* CourseGrade.swift */; };
		6DBD40991D0D1FE1000565F3 /* CustomCellTableViewCell.swift in Sources */ = {isa = PBXBuildFile; fileRef = 6DBD40981D0D1FE1000565F3 /* CustomCellTableViewCell.swift */; };
		6DBD409B1D0D2595000565F3 /* CourseCell.swift in Sources */ = {isa = PBXBuildFile; fileRef = 6DBD409A1D0D2595000565F3 /* CourseCell.swift */; };
/* End PBXBuildFile section */

/* Begin PBXContainerItemProxy section */
		55AC03FB1C3106B800093A08 /* PBXContainerItemProxy */ = {
			isa = PBXContainerItemProxy;
			containerPortal = 55AC03DB1C3106B800093A08 /* Project object */;
			proxyType = 1;
			remoteGlobalIDString = 55AC03E21C3106B800093A08;
			remoteInfo = GPACalculator;
		};
		55AC04061C3106B800093A08 /* PBXContainerItemProxy */ = {
			isa = PBXContainerItemProxy;
			containerPortal = 55AC03DB1C3106B800093A08 /* Project object */;
			proxyType = 1;
			remoteGlobalIDString = 55AC03E21C3106B800093A08;
			remoteInfo = GPACalculator;
		};
/* End PBXContainerItemProxy section */

/* Begin PBXFileReference section */
		551E83D91C325123003CCA4C /* TableViewCell.swift */ = {isa = PBXFileReference; fileEncoding = 4; lastKnownFileType = sourcecode.swift; path = TableViewCell.swift; sourceTree = "<group>"; };
		551E83DB1C326652003CCA4C /* CourseHelpScreen.swift */ = {isa = PBXFileReference; fileEncoding = 4; lastKnownFileType = sourcecode.swift; path = CourseHelpScreen.swift; sourceTree = "<group>"; };
		551E83DD1C326D71003CCA4C /* CoursePlanScreen.swift */ = {isa = PBXFileReference; fileEncoding = 4; lastKnownFileType = sourcecode.swift; path = CoursePlanScreen.swift; sourceTree = "<group>"; };
		5527CBA31C913B7C009034FC /* SubGPAMenu.swift */ = {isa = PBXFileReference; fileEncoding = 4; lastKnownFileType = sourcecode.swift; name = SubGPAMenu.swift; path = ../SubGPAMenu.swift; sourceTree = "<group>"; };
		553EDAAC1C3A52200063DD50 /* GraduationGPADisplay.swift */ = {isa = PBXFileReference; fileEncoding = 4; lastKnownFileType = sourcecode.swift; path = GraduationGPADisplay.swift; sourceTree = "<group>"; };
		553EDAAE1C3A57F50063DD50 /* Social.framework */ = {isa = PBXFileReference; lastKnownFileType = wrapper.framework; name = Social.framework; path = System/Library/Frameworks/Social.framework; sourceTree = SDKROOT; };
		553EDAB01C3A5CFB0063DD50 /* GPACalculator.entitlements */ = {isa = PBXFileReference; lastKnownFileType = text.xml; path = GPACalculator.entitlements; sourceTree = "<group>"; };
		554B33861C8C02F300529306 /* iAd.framework */ = {isa = PBXFileReference; lastKnownFileType = wrapper.framework; name = iAd.framework; path = System/Library/Frameworks/iAd.framework; sourceTree = SDKROOT; };
		554B33881C8D487C00529306 /* FinalExamScores.swift */ = {isa = PBXFileReference; fileEncoding = 4; lastKnownFileType = sourcecode.swift; path = FinalExamScores.swift; sourceTree = "<group>"; };
		557CAEDC1C35F51600309AAB /* FinalExamGrade.swift */ = {isa = PBXFileReference; fileEncoding = 4; lastKnownFileType = sourcecode.swift; path = FinalExamGrade.swift; sourceTree = "<group>"; };
		559800D41CB0DDE9007E0D1C /* GPAAdditionCourseHS.swift */ = {isa = PBXFileReference; fileEncoding = 4; lastKnownFileType = sourcecode.swift; path = GPAAdditionCourseHS.swift; sourceTree = "<group>"; };
		559800D61CB0EBC6007E0D1C /* ContentViewController.swift */ = {isa = PBXFileReference; fileEncoding = 4; lastKnownFileType = sourcecode.swift; path = ContentViewController.swift; sourceTree = "<group>"; };
		559800DC1CB0F687007E0D1C /* ViewPageController.swift */ = {isa = PBXFileReference; fileEncoding = 4; lastKnownFileType = sourcecode.swift; path = ViewPageController.swift; sourceTree = "<group>"; };
		55AC03E31C3106B800093A08 /* GPACalculator.app */ = {isa = PBXFileReference; explicitFileType = wrapper.application; includeInIndex = 0; path = GPACalculator.app; sourceTree = BUILT_PRODUCTS_DIR; };
		55AC03E61C3106B800093A08 /* AppDelegate.swift */ = {isa = PBXFileReference; lastKnownFileType = sourcecode.swift; path = AppDelegate.swift; sourceTree = "<group>"; };
		55AC03E81C3106B800093A08 /* ViewController.swift */ = {isa = PBXFileReference; lastKnownFileType = sourcecode.swift; path = ViewController.swift; sourceTree = "<group>"; };
		55AC03F01C3106B800093A08 /* Assets.xcassets */ = {isa = PBXFileReference; lastKnownFileType = folder.assetcatalog; path = Assets.xcassets; sourceTree = "<group>"; };
		55AC03F31C3106B800093A08 /* Base */ = {isa = PBXFileReference; lastKnownFileType = file.storyboard; name = Base; path = Base.lproj/LaunchScreen.storyboard; sourceTree = "<group>"; };
		55AC03F51C3106B800093A08 /* Info.plist */ = {isa = PBXFileReference; lastKnownFileType = text.plist.xml; path = Info.plist; sourceTree = "<group>"; };
		55AC03FA1C3106B800093A08 /* GPACalculatorTests.xctest */ = {isa = PBXFileReference; explicitFileType = wrapper.cfbundle; includeInIndex = 0; path = GPACalculatorTests.xctest; sourceTree = BUILT_PRODUCTS_DIR; };
		55AC03FE1C3106B800093A08 /* GPACalculatorTests.swift */ = {isa = PBXFileReference; lastKnownFileType = sourcecode.swift; path = GPACalculatorTests.swift; sourceTree = "<group>"; };
		55AC04001C3106B800093A08 /* Info.plist */ = {isa = PBXFileReference; lastKnownFileType = text.plist.xml; path = Info.plist; sourceTree = "<group>"; };
		55AC04051C3106B800093A08 /* GPACalculatorUITests.xctest */ = {isa = PBXFileReference; explicitFileType = wrapper.cfbundle; includeInIndex = 0; path = GPACalculatorUITests.xctest; sourceTree = BUILT_PRODUCTS_DIR; };
		55AC04091C3106B800093A08 /* GPACalculatorUITests.swift */ = {isa = PBXFileReference; lastKnownFileType = sourcecode.swift; path = GPACalculatorUITests.swift; sourceTree = "<group>"; };
		55AC040B1C3106B800093A08 /* Info.plist */ = {isa = PBXFileReference; lastKnownFileType = text.plist.xml; path = Info.plist; sourceTree = "<group>"; };
		55C1A5521C38AAA2006CFBB0 /* CourseSelection.swift */ = {isa = PBXFileReference; fileEncoding = 4; lastKnownFileType = sourcecode.swift; path = CourseSelection.swift; sourceTree = "<group>"; };
		55C1A5541C38B7EC006CFBB0 /* GPAAdditionCourseCOLLEGE.swift */ = {isa = PBXFileReference; fileEncoding = 4; lastKnownFileType = sourcecode.swift; path = GPAAdditionCourseCOLLEGE.swift; sourceTree = "<group>"; };
		55C1A5561C38EC78006CFBB0 /* FinalGPA.swift */ = {isa = PBXFileReference; fileEncoding = 4; lastKnownFileType = sourcecode.swift; path = FinalGPA.swift; sourceTree = "<group>"; };
		55C1A5581C390443006CFBB0 /* DisplayGPA.swift */ = {isa = PBXFileReference; fileEncoding = 4; lastKnownFileType = sourcecode.swift; path = DisplayGPA.swift; sourceTree = "<group>"; };
		55C1A55A1C3A3A5D006CFBB0 /* TargetGPA.swift */ = {isa = PBXFileReference; fileEncoding = 4; lastKnownFileType = sourcecode.swift; name = TargetGPA.swift; path = ../TargetGPA.swift; sourceTree = "<group>"; };
		6D08FF6E1D1233980007BBA9 /* DataController.swift */ = {isa = PBXFileReference; fileEncoding = 4; lastKnownFileType = sourcecode.swift; path = DataController.swift; sourceTree = "<group>"; };
		6D08FF711D13B1950007BBA9 /* GPACalculator.xcdatamodel */ = {isa = PBXFileReference; lastKnownFileType = wrapper.xcdatamodel; path = GPACalculator.xcdatamodel; sourceTree = "<group>"; };
		6D08FF771D16549E0007BBA9 /* EditCourseViewController.swift */ = {isa = PBXFileReference; fileEncoding = 4; lastKnownFileType = sourcecode.swift; path = EditCourseViewController.swift; sourceTree = "<group>"; };
		6D1421591D0FC213004982A6 /* Base */ = {isa = PBXFileReference; lastKnownFileType = file.storyboard; name = Base; path = Base.lproj/Main.storyboard; sourceTree = "<group>"; };
		6D1F2A801D24B69D00FD9073 /* HSCourse+CoreDataProperties.swift */ = {isa = PBXFileReference; fileEncoding = 4; lastKnownFileType = sourcecode.swift; name = "HSCourse+CoreDataProperties.swift"; path = "../HSCourse+CoreDataProperties.swift"; sourceTree = "<group>"; };
		6D1F2A811D24B69D00FD9073 /* HSCourse.swift */ = {isa = PBXFileReference; fileEncoding = 4; lastKnownFileType = sourcecode.swift; name = HSCourse.swift; path = ../HSCourse.swift; sourceTree = "<group>"; };
		6D31F0241D1E4E5F0024793A /* Course+CoreDataProperties.swift */ = {isa = PBXFileReference; fileEncoding = 4; lastKnownFileType = sourcecode.swift; path = "Course+CoreDataProperties.swift"; sourceTree = "<group>"; };
		6D31F0251D1E4E5F0024793A /* Course.swift */ = {isa = PBXFileReference; fileEncoding = 4; lastKnownFileType = sourcecode.swift; path = Course.swift; sourceTree = "<group>"; };
		6D31F0281D1E4E850024793A /* SingleCourseDetails.swift */ = {isa = PBXFileReference; fileEncoding = 4; lastKnownFileType = sourcecode.swift; path = SingleCourseDetails.swift; sourceTree = "<group>"; };
		6D31F02A1D1F4F120024793A /* CourseTableViewController.swift */ = {isa = PBXFileReference; fileEncoding = 4; lastKnownFileType = sourcecode.swift; path = CourseTableViewController.swift; sourceTree = "<group>"; };
		6D3C1E811D2DE61A003B7538 /* MainMenuViewController.swift */ = {isa = PBXFileReference; fileEncoding = 4; lastKnownFileType = sourcecode.swift; path = MainMenuViewController.swift; sourceTree = "<group>"; };
		6D41234E1D2CA6C3004B3A23 /* CollectionViewController.swift */ = {isa = PBXFileReference; fileEncoding = 4; lastKnownFileType = sourcecode.swift; path = CollectionViewController.swift; sourceTree = "<group>"; };
		6D4123501D2CB076004B3A23 /* MainViewController.swift */ = {isa = PBXFileReference; fileEncoding = 4; lastKnownFileType = sourcecode.swift; path = MainViewController.swift; sourceTree = "<group>"; };
		6D703D5F1D03712A009E1593 /* FinalExamTableView.swift */ = {isa = PBXFileReference; fileEncoding = 4; lastKnownFileType = sourcecode.swift; name = FinalExamTableView.swift; path = ../FinalExamTableView.swift; sourceTree = "<group>"; };
		6D83174F1D07BAB400A08DB1 /* ScrollView.swift */ = {isa = PBXFileReference; fileEncoding = 4; lastKnownFileType = sourcecode.swift; name = ScrollView.swift; path = ../ScrollView.swift; sourceTree = "<group>"; };
		6DBD40921D0A7E78000565F3 /* sub2.swift */ = {isa = PBXFileReference; fileEncoding = 4; lastKnownFileType = sourcecode.swift; path = sub2.swift; sourceTree = "<group>"; };
		6DBD40941D0D1E74000565F3 /* CourseGrade.swift */ = {isa = PBXFileReference; fileEncoding = 4; lastKnownFileType = sourcecode.swift; path = CourseGrade.swift; sourceTree = "<group>"; };
		6DBD40981D0D1FE1000565F3 /* CustomCellTableViewCell.swift */ = {isa = PBXFileReference; fileEncoding = 4; lastKnownFileType = sourcecode.swift; path = CustomCellTableViewCell.swift; sourceTree = "<group>"; };
		6DBD409A1D0D2595000565F3 /* CourseCell.swift */ = {isa = PBXFileReference; fileEncoding = 4; lastKnownFileType = sourcecode.swift; name = CourseCell.swift; path = ../CourseCell.swift; sourceTree = "<group>"; };
/* End PBXFileReference section */

/* Begin PBXFrameworksBuildPhase section */
		55AC03E01C3106B800093A08 /* Frameworks */ = {
			isa = PBXFrameworksBuildPhase;
			buildActionMask = 2147483647;
			files = (
				554B33871C8C02F300529306 /* iAd.framework in Frameworks */,
				553EDAAF1C3A57F50063DD50 /* Social.framework in Frameworks */,
			);
			runOnlyForDeploymentPostprocessing = 0;
		};
		55AC03F71C3106B800093A08 /* Frameworks */ = {
			isa = PBXFrameworksBuildPhase;
			buildActionMask = 2147483647;
			files = (
			);
			runOnlyForDeploymentPostprocessing = 0;
		};
		55AC04021C3106B800093A08 /* Frameworks */ = {
			isa = PBXFrameworksBuildPhase;
			buildActionMask = 2147483647;
			files = (
			);
			runOnlyForDeploymentPostprocessing = 0;
		};
/* End PBXFrameworksBuildPhase section */

/* Begin PBXGroup section */
		55AC03DA1C3106B800093A08 = {
			isa = PBXGroup;
			children = (
				6D4123501D2CB076004B3A23 /* MainViewController.swift */,
				554B33861C8C02F300529306 /* iAd.framework */,
				553EDAAE1C3A57F50063DD50 /* Social.framework */,
				55AC03E51C3106B800093A08 /* GPACalculator */,
				55AC03FD1C3106B800093A08 /* GPACalculatorTests */,
				55AC04081C3106B800093A08 /* GPACalculatorUITests */,
				55AC03E41C3106B800093A08 /* Products */,
			);
			sourceTree = "<group>";
		};
		55AC03E41C3106B800093A08 /* Products */ = {
			isa = PBXGroup;
			children = (
				55AC03E31C3106B800093A08 /* GPACalculator.app */,
				55AC03FA1C3106B800093A08 /* GPACalculatorTests.xctest */,
				55AC04051C3106B800093A08 /* GPACalculatorUITests.xctest */,
			);
			name = Products;
			sourceTree = "<group>";
		};
		55AC03E51C3106B800093A08 /* GPACalculator */ = {
			isa = PBXGroup;
			children = (
				6D1F2A801D24B69D00FD9073 /* HSCourse+CoreDataProperties.swift */,
				6D1F2A811D24B69D00FD9073 /* HSCourse.swift */,
				6D31F0241D1E4E5F0024793A /* Course+CoreDataProperties.swift */,
				6D31F0251D1E4E5F0024793A /* Course.swift */,
				6DBD409A1D0D2595000565F3 /* CourseCell.swift */,
				553EDAB01C3A5CFB0063DD50 /* GPACalculator.entitlements */,
				6D703D5F1D03712A009E1593 /* FinalExamTableView.swift */,
				55AC03E61C3106B800093A08 /* AppDelegate.swift */,
				55AC03E81C3106B800093A08 /* ViewController.swift */,
				5527CBA31C913B7C009034FC /* SubGPAMenu.swift */,
				6D1421581D0FC213004982A6 /* Main.storyboard */,
				6D3C1E811D2DE61A003B7538 /* MainMenuViewController.swift */,
				6D41234E1D2CA6C3004B3A23 /* CollectionViewController.swift */,
				6D31F02A1D1F4F120024793A /* CourseTableViewController.swift */,
				6D31F0281D1E4E850024793A /* SingleCourseDetails.swift */,
				6D08FF771D16549E0007BBA9 /* EditCourseViewController.swift */,
				6DBD40981D0D1FE1000565F3 /* CustomCellTableViewCell.swift */,
				6DBD40941D0D1E74000565F3 /* CourseGrade.swift */,
				6DBD40921D0A7E78000565F3 /* sub2.swift */,
				6D83174F1D07BAB400A08DB1 /* ScrollView.swift */,
				559800D61CB0EBC6007E0D1C /* ContentViewController.swift */,
				553EDAAC1C3A52200063DD50 /* GraduationGPADisplay.swift */,
				55C1A5581C390443006CFBB0 /* DisplayGPA.swift */,
				559800DC1CB0F687007E0D1C /* ViewPageController.swift */,
				55C1A5561C38EC78006CFBB0 /* FinalGPA.swift */,
				55C1A5541C38B7EC006CFBB0 /* GPAAdditionCourseCOLLEGE.swift */,
				559800D41CB0DDE9007E0D1C /* GPAAdditionCourseHS.swift */,
				55C1A5521C38AAA2006CFBB0 /* CourseSelection.swift */,
				557CAEDC1C35F51600309AAB /* FinalExamGrade.swift */,
				554B33881C8D487C00529306 /* FinalExamScores.swift */,
				551E83DD1C326D71003CCA4C /* CoursePlanScreen.swift */,
				551E83DB1C326652003CCA4C /* CourseHelpScreen.swift */,
				551E83D91C325123003CCA4C /* TableViewCell.swift */,
				55C1A55A1C3A3A5D006CFBB0 /* TargetGPA.swift */,
				55AC03F01C3106B800093A08 /* Assets.xcassets */,
				55AC03F21C3106B800093A08 /* LaunchScreen.storyboard */,
				55AC03F51C3106B800093A08 /* Info.plist */,
				6D08FF701D13B1950007BBA9 /* GPACalculator.xcdatamodeld */,
				6D08FF6E1D1233980007BBA9 /* DataController.swift */,
			);
			path = GPACalculator;
			sourceTree = "<group>";
		};
		55AC03FD1C3106B800093A08 /* GPACalculatorTests */ = {
			isa = PBXGroup;
			children = (
				55AC03FE1C3106B800093A08 /* GPACalculatorTests.swift */,
				55AC04001C3106B800093A08 /* Info.plist */,
			);
			path = GPACalculatorTests;
			sourceTree = "<group>";
		};
		55AC04081C3106B800093A08 /* GPACalculatorUITests */ = {
			isa = PBXGroup;
			children = (
				55AC04091C3106B800093A08 /* GPACalculatorUITests.swift */,
				55AC040B1C3106B800093A08 /* Info.plist */,
			);
			path = GPACalculatorUITests;
			sourceTree = "<group>";
		};
/* End PBXGroup section */

/* Begin PBXNativeTarget section */
		55AC03E21C3106B800093A08 /* GPACalculator */ = {
			isa = PBXNativeTarget;
			buildConfigurationList = 55AC040E1C3106B800093A08 /* Build configuration list for PBXNativeTarget "GPACalculator" */;
			buildPhases = (
				55AC03DF1C3106B800093A08 /* Sources */,
				55AC03E01C3106B800093A08 /* Frameworks */,
				55AC03E11C3106B800093A08 /* Resources */,
			);
			buildRules = (
			);
			dependencies = (
			);
			name = GPACalculator;
			productName = GPACalculator;
			productReference = 55AC03E31C3106B800093A08 /* GPACalculator.app */;
			productType = "com.apple.product-type.application";
		};
		55AC03F91C3106B800093A08 /* GPACalculatorTests */ = {
			isa = PBXNativeTarget;
			buildConfigurationList = 55AC04111C3106B800093A08 /* Build configuration list for PBXNativeTarget "GPACalculatorTests" */;
			buildPhases = (
				55AC03F61C3106B800093A08 /* Sources */,
				55AC03F71C3106B800093A08 /* Frameworks */,
				55AC03F81C3106B800093A08 /* Resources */,
			);
			buildRules = (
			);
			dependencies = (
				55AC03FC1C3106B800093A08 /* PBXTargetDependency */,
			);
			name = GPACalculatorTests;
			productName = GPACalculatorTests;
			productReference = 55AC03FA1C3106B800093A08 /* GPACalculatorTests.xctest */;
			productType = "com.apple.product-type.bundle.unit-test";
		};
		55AC04041C3106B800093A08 /* GPACalculatorUITests */ = {
			isa = PBXNativeTarget;
			buildConfigurationList = 55AC04141C3106B800093A08 /* Build configuration list for PBXNativeTarget "GPACalculatorUITests" */;
			buildPhases = (
				55AC04011C3106B800093A08 /* Sources */,
				55AC04021C3106B800093A08 /* Frameworks */,
				55AC04031C3106B800093A08 /* Resources */,
			);
			buildRules = (
			);
			dependencies = (
				55AC04071C3106B800093A08 /* PBXTargetDependency */,
			);
			name = GPACalculatorUITests;
			productName = GPACalculatorUITests;
			productReference = 55AC04051C3106B800093A08 /* GPACalculatorUITests.xctest */;
			productType = "com.apple.product-type.bundle.ui-testing";
		};
/* End PBXNativeTarget section */

/* Begin PBXProject section */
		55AC03DB1C3106B800093A08 /* Project object */ = {
			isa = PBXProject;
			attributes = {
				LastSwiftUpdateCheck = 0730;
				LastUpgradeCheck = 0720;
				ORGANIZATIONNAME = "Seth Winslow";
				TargetAttributes = {
					55AC03E21C3106B800093A08 = {
						CreatedOnToolsVersion = 7.2;
						DevelopmentTeam = K57G8L8D3Y;
						SystemCapabilities = {
							com.apple.ApplicationGroups.iOS = {
								enabled = 1;
							};
						};
					};
					55AC03F91C3106B800093A08 = {
						CreatedOnToolsVersion = 7.2;
						DevelopmentTeam = K57G8L8D3Y;
						TestTargetID = 55AC03E21C3106B800093A08;
					};
					55AC04041C3106B800093A08 = {
						CreatedOnToolsVersion = 7.2;
						DevelopmentTeam = K57G8L8D3Y;
						TestTargetID = 55AC03E21C3106B800093A08;
					};
				};
			};
			buildConfigurationList = 55AC03DE1C3106B800093A08 /* Build configuration list for PBXProject "GPACalculator" */;
			compatibilityVersion = "Xcode 3.2";
			developmentRegion = English;
			hasScannedForEncodings = 0;
			knownRegions = (
				en,
				Base,
			);
			mainGroup = 55AC03DA1C3106B800093A08;
			productRefGroup = 55AC03E41C3106B800093A08 /* Products */;
			projectDirPath = "";
			projectRoot = "";
			targets = (
				55AC03E21C3106B800093A08 /* GPACalculator */,
				55AC03F91C3106B800093A08 /* GPACalculatorTests */,
				55AC04041C3106B800093A08 /* GPACalculatorUITests */,
			);
		};
/* End PBXProject section */

/* Begin PBXResourcesBuildPhase section */
		55AC03E11C3106B800093A08 /* Resources */ = {
			isa = PBXResourcesBuildPhase;
			buildActionMask = 2147483647;
			files = (
				6D14215A1D0FC213004982A6 /* Main.storyboard in Resources */,
				55AC03F41C3106B800093A08 /* LaunchScreen.storyboard in Resources */,
				55AC03F11C3106B800093A08 /* Assets.xcassets in Resources */,
			);
			runOnlyForDeploymentPostprocessing = 0;
		};
		55AC03F81C3106B800093A08 /* Resources */ = {
			isa = PBXResourcesBuildPhase;
			buildActionMask = 2147483647;
			files = (
			);
			runOnlyForDeploymentPostprocessing = 0;
		};
		55AC04031C3106B800093A08 /* Resources */ = {
			isa = PBXResourcesBuildPhase;
			buildActionMask = 2147483647;
			files = (
			);
			runOnlyForDeploymentPostprocessing = 0;
		};
/* End PBXResourcesBuildPhase section */

/* Begin PBXSourcesBuildPhase section */
		55AC03DF1C3106B800093A08 /* Sources */ = {
			isa = PBXSourcesBuildPhase;
			buildActionMask = 2147483647;
			files = (
				557CAEDD1C35F51600309AAB /* FinalExamGrade.swift in Sources */,
				6D8317501D07BAB400A08DB1 /* ScrollView.swift in Sources */,
				559800D51CB0DDE9007E0D1C /* GPAAdditionCourseHS.swift in Sources */,
				6D08FF6F1D1233980007BBA9 /* DataController.swift in Sources */,
				6D31F0261D1E4E5F0024793A /* Course+CoreDataProperties.swift in Sources */,
				6D703D601D03712A009E1593 /* FinalExamTableView.swift in Sources */,
				6D31F0291D1E4E850024793A /* SingleCourseDetails.swift in Sources */,
				6D4123511D2CB076004B3A23 /* MainViewController.swift in Sources */,
				55AC03E91C3106B800093A08 /* ViewController.swift in Sources */,
				6D08FF721D13B1950007BBA9 /* GPACalculator.xcdatamodeld in Sources */,
				6D1F2A821D24B69D00FD9073 /* HSCourse+CoreDataProperties.swift in Sources */,
				6D3C1E821D2DE61A003B7538 /* MainMenuViewController.swift in Sources */,
				6D31F0271D1E4E5F0024793A /* Course.swift in Sources */,
				6D31F02B1D1F4F120024793A /* CourseTableViewController.swift in Sources */,
				55C1A5531C38AAA2006CFBB0 /* CourseSelection.swift in Sources */,
				559800DD1CB0F687007E0D1C /* ViewPageController.swift in Sources */,
				6DBD40951D0D1E74000565F3 /* CourseGrade.swift in Sources */,
				6D08FF781D16549E0007BBA9 /* EditCourseViewController.swift in Sources */,
				554B33891C8D487C00529306 /* FinalExamScores.swift in Sources */,
				55C1A5551C38B7EC006CFBB0 /* GPAAdditionCourseCOLLEGE.swift in Sources */,
				5527CBA41C913B7C009034FC /* SubGPAMenu.swift in Sources */,
				55C1A5591C390443006CFBB0 /* DisplayGPA.swift in Sources */,
				6DBD409B1D0D2595000565F3 /* CourseCell.swift in Sources */,
				6D41234F1D2CA6C3004B3A23 /* CollectionViewController.swift in Sources */,
				6D1F2A831D24B69D00FD9073 /* HSCourse.swift in Sources */,
				559800D71CB0EBC6007E0D1C /* ContentViewController.swift in Sources */,
				551E83DC1C326652003CCA4C /* CourseHelpScreen.swift in Sources */,
				55C1A5571C38EC78006CFBB0 /* FinalGPA.swift in Sources */,
				55C1A55B1C3A3A5D006CFBB0 /* TargetGPA.swift in Sources */,
				6DBD40931D0A7E78000565F3 /* sub2.swift in Sources */,
				55AC03E71C3106B800093A08 /* AppDelegate.swift in Sources */,
				553EDAAD1C3A52200063DD50 /* GraduationGPADisplay.swift in Sources */,
				551E83DE1C326D71003CCA4C /* CoursePlanScreen.swift in Sources */,
				551E83DA1C325123003CCA4C /* TableViewCell.swift in Sources */,
				6DBD40991D0D1FE1000565F3 /* CustomCellTableViewCell.swift in Sources */,
			);
			runOnlyForDeploymentPostprocessing = 0;
		};
		55AC03F61C3106B800093A08 /* Sources */ = {
			isa = PBXSourcesBuildPhase;
			buildActionMask = 2147483647;
			files = (
				55AC03FF1C3106B800093A08 /* GPACalculatorTests.swift in Sources */,
			);
			runOnlyForDeploymentPostprocessing = 0;
		};
		55AC04011C3106B800093A08 /* Sources */ = {
			isa = PBXSourcesBuildPhase;
			buildActionMask = 2147483647;
			files = (
				55AC040A1C3106B800093A08 /* GPACalculatorUITests.swift in Sources */,
			);
			runOnlyForDeploymentPostprocessing = 0;
		};
/* End PBXSourcesBuildPhase section */

/* Begin PBXTargetDependency section */
		55AC03FC1C3106B800093A08 /* PBXTargetDependency */ = {
			isa = PBXTargetDependency;
			target = 55AC03E21C3106B800093A08 /* GPACalculator */;
			targetProxy = 55AC03FB1C3106B800093A08 /* PBXContainerItemProxy */;
		};
		55AC04071C3106B800093A08 /* PBXTargetDependency */ = {
			isa = PBXTargetDependency;
			target = 55AC03E21C3106B800093A08 /* GPACalculator */;
			targetProxy = 55AC04061C3106B800093A08 /* PBXContainerItemProxy */;
		};
/* End PBXTargetDependency section */

/* Begin PBXVariantGroup section */
		55AC03F21C3106B800093A08 /* LaunchScreen.storyboard */ = {
			isa = PBXVariantGroup;
			children = (
				55AC03F31C3106B800093A08 /* Base */,
			);
			name = LaunchScreen.storyboard;
			sourceTree = "<group>";
		};
		6D1421581D0FC213004982A6 /* Main.storyboard */ = {
			isa = PBXVariantGroup;
			children = (
				6D1421591D0FC213004982A6 /* Base */,
			);
			name = Main.storyboard;
			sourceTree = "<group>";
		};
/* End PBXVariantGroup section */

/* Begin XCBuildConfiguration section */
		55AC040C1C3106B800093A08 /* Debug */ = {
			isa = XCBuildConfiguration;
			buildSettings = {
				ALWAYS_SEARCH_USER_PATHS = NO;
				CLANG_CXX_LANGUAGE_STANDARD = "gnu++0x";
				CLANG_CXX_LIBRARY = "libc++";
				CLANG_ENABLE_MODULES = YES;
				CLANG_ENABLE_OBJC_ARC = YES;
				CLANG_WARN_BOOL_CONVERSION = YES;
				CLANG_WARN_CONSTANT_CONVERSION = YES;
				CLANG_WARN_DIRECT_OBJC_ISA_USAGE = YES_ERROR;
				CLANG_WARN_EMPTY_BODY = YES;
				CLANG_WARN_ENUM_CONVERSION = YES;
				CLANG_WARN_INT_CONVERSION = YES;
				CLANG_WARN_OBJC_ROOT_CLASS = YES_ERROR;
				CLANG_WARN_UNREACHABLE_CODE = YES;
				CLANG_WARN__DUPLICATE_METHOD_MATCH = YES;
				"CODE_SIGN_IDENTITY[sdk=iphoneos*]" = "iPhone Developer";
				COPY_PHASE_STRIP = NO;
				DEBUG_INFORMATION_FORMAT = dwarf;
				ENABLE_STRICT_OBJC_MSGSEND = YES;
				ENABLE_TESTABILITY = YES;
				GCC_C_LANGUAGE_STANDARD = gnu99;
				GCC_DYNAMIC_NO_PIC = NO;
				GCC_NO_COMMON_BLOCKS = YES;
				GCC_OPTIMIZATION_LEVEL = 0;
				GCC_PREPROCESSOR_DEFINITIONS = (
					"DEBUG=1",
					"$(inherited)",
				);
				GCC_WARN_64_TO_32_BIT_CONVERSION = YES;
				GCC_WARN_ABOUT_RETURN_TYPE = YES_ERROR;
				GCC_WARN_UNDECLARED_SELECTOR = YES;
				GCC_WARN_UNINITIALIZED_AUTOS = YES_AGGRESSIVE;
				GCC_WARN_UNUSED_FUNCTION = YES;
				GCC_WARN_UNUSED_VARIABLE = YES;
				IPHONEOS_DEPLOYMENT_TARGET = 9.2;
				MTL_ENABLE_DEBUG_INFO = YES;
				ONLY_ACTIVE_ARCH = YES;
				SDKROOT = iphoneos;
				SWIFT_OPTIMIZATION_LEVEL = "-Onone";
				TARGETED_DEVICE_FAMILY = "1,2";
			};
			name = Debug;
		};
		55AC040D1C3106B800093A08 /* Release */ = {
			isa = XCBuildConfiguration;
			buildSettings = {
				ALWAYS_SEARCH_USER_PATHS = NO;
				CLANG_CXX_LANGUAGE_STANDARD = "gnu++0x";
				CLANG_CXX_LIBRARY = "libc++";
				CLANG_ENABLE_MODULES = YES;
				CLANG_ENABLE_OBJC_ARC = YES;
				CLANG_WARN_BOOL_CONVERSION = YES;
				CLANG_WARN_CONSTANT_CONVERSION = YES;
				CLANG_WARN_DIRECT_OBJC_ISA_USAGE = YES_ERROR;
				CLANG_WARN_EMPTY_BODY = YES;
				CLANG_WARN_ENUM_CONVERSION = YES;
				CLANG_WARN_INT_CONVERSION = YES;
				CLANG_WARN_OBJC_ROOT_CLASS = YES_ERROR;
				CLANG_WARN_UNREACHABLE_CODE = YES;
				CLANG_WARN__DUPLICATE_METHOD_MATCH = YES;
				"CODE_SIGN_IDENTITY[sdk=iphoneos*]" = "iPhone Developer";
				COPY_PHASE_STRIP = NO;
				DEBUG_INFORMATION_FORMAT = "dwarf-with-dsym";
				ENABLE_NS_ASSERTIONS = NO;
				ENABLE_STRICT_OBJC_MSGSEND = YES;
				GCC_C_LANGUAGE_STANDARD = gnu99;
				GCC_NO_COMMON_BLOCKS = YES;
				GCC_WARN_64_TO_32_BIT_CONVERSION = YES;
				GCC_WARN_ABOUT_RETURN_TYPE = YES_ERROR;
				GCC_WARN_UNDECLARED_SELECTOR = YES;
				GCC_WARN_UNINITIALIZED_AUTOS = YES_AGGRESSIVE;
				GCC_WARN_UNUSED_FUNCTION = YES;
				GCC_WARN_UNUSED_VARIABLE = YES;
				IPHONEOS_DEPLOYMENT_TARGET = 9.2;
				MTL_ENABLE_DEBUG_INFO = NO;
				SDKROOT = iphoneos;
				TARGETED_DEVICE_FAMILY = "1,2";
				VALIDATE_PRODUCT = YES;
			};
			name = Release;
		};
		55AC040F1C3106B800093A08 /* Debug */ = {
			isa = XCBuildConfiguration;
			buildSettings = {
				ASSETCATALOG_COMPILER_APPICON_NAME = AppIcon;
				CLANG_ENABLE_MODULES = YES;
				CODE_SIGN_ENTITLEMENTS = GPACalculator/GPACalculator.entitlements;
				CODE_SIGN_IDENTITY = "iPhone Developer";
				"CODE_SIGN_IDENTITY[sdk=iphoneos*]" = "iPhone Developer";
				INFOPLIST_FILE = GPACalculator/Info.plist;
				LD_RUNPATH_SEARCH_PATHS = "$(inherited) @executable_path/Frameworks";
				PRODUCT_BUNDLE_IDENTIFIER = edu.self.GPACalculator;
				PRODUCT_NAME = "$(TARGET_NAME)";
				PROVISIONING_PROFILE = "";
				SWIFT_OBJC_BRIDGING_HEADER = "GPACalculator-Bridging-Header.h";
				SWIFT_OPTIMIZATION_LEVEL = "-Onone";
			};
			name = Debug;
		};
		55AC04101C3106B800093A08 /* Release */ = {
			isa = XCBuildConfiguration;
			buildSettings = {
				ASSETCATALOG_COMPILER_APPICON_NAME = AppIcon;
				CLANG_ENABLE_MODULES = YES;
				CODE_SIGN_ENTITLEMENTS = GPACalculator/GPACalculator.entitlements;
				CODE_SIGN_IDENTITY = "iPhone Developer";
				"CODE_SIGN_IDENTITY[sdk=iphoneos*]" = "iPhone Developer";
				INFOPLIST_FILE = GPACalculator/Info.plist;
				LD_RUNPATH_SEARCH_PATHS = "$(inherited) @executable_path/Frameworks";
				PRODUCT_BUNDLE_IDENTIFIER = edu.self.GPACalculator;
				PRODUCT_NAME = "$(TARGET_NAME)";
				PROVISIONING_PROFILE = "";
				SWIFT_OBJC_BRIDGING_HEADER = "GPACalculator-Bridging-Header.h";
			};
			name = Release;
		};
		55AC04121C3106B800093A08 /* Debug */ = {
			isa = XCBuildConfiguration;
			buildSettings = {
				BUNDLE_LOADER = "$(TEST_HOST)";
				INFOPLIST_FILE = GPACalculatorTests/Info.plist;
				LD_RUNPATH_SEARCH_PATHS = "$(inherited) @executable_path/Frameworks @loader_path/Frameworks";
				PRODUCT_BUNDLE_IDENTIFIER = edu.self.GPACalculatorTests;
				PRODUCT_NAME = "$(TARGET_NAME)";
				TEST_HOST = "$(BUILT_PRODUCTS_DIR)/GPACalculator.app/GPACalculator";
			};
			name = Debug;
		};
		55AC04131C3106B800093A08 /* Release */ = {
			isa = XCBuildConfiguration;
			buildSettings = {
				BUNDLE_LOADER = "$(TEST_HOST)";
				INFOPLIST_FILE = GPACalculatorTests/Info.plist;
				LD_RUNPATH_SEARCH_PATHS = "$(inherited) @executable_path/Frameworks @loader_path/Frameworks";
				PRODUCT_BUNDLE_IDENTIFIER = edu.self.GPACalculatorTests;
				PRODUCT_NAME = "$(TARGET_NAME)";
				TEST_HOST = "$(BUILT_PRODUCTS_DIR)/GPACalculator.app/GPACalculator";
			};
			name = Release;
		};
		55AC04151C3106B800093A08 /* Debug */ = {
			isa = XCBuildConfiguration;
			buildSettings = {
				INFOPLIST_FILE = GPACalculatorUITests/Info.plist;
				LD_RUNPATH_SEARCH_PATHS = "$(inherited) @executable_path/Frameworks @loader_path/Frameworks";
				PRODUCT_BUNDLE_IDENTIFIER = edu.self.GPACalculatorUITests;
				PRODUCT_NAME = "$(TARGET_NAME)";
				TEST_TARGET_NAME = GPACalculator;
				USES_XCTRUNNER = YES;
			};
			name = Debug;
		};
		55AC04161C3106B800093A08 /* Release */ = {
			isa = XCBuildConfiguration;
			buildSettings = {
				INFOPLIST_FILE = GPACalculatorUITests/Info.plist;
				LD_RUNPATH_SEARCH_PATHS = "$(inherited) @executable_path/Frameworks @loader_path/Frameworks";
				PRODUCT_BUNDLE_IDENTIFIER = edu.self.GPACalculatorUITests;
				PRODUCT_NAME = "$(TARGET_NAME)";
				TEST_TARGET_NAME = GPACalculator;
				USES_XCTRUNNER = YES;
			};
			name = Release;
		};
/* End XCBuildConfiguration section */

/* Begin XCConfigurationList section */
		55AC03DE1C3106B800093A08 /* Build configuration list for PBXProject "GPACalculator" */ = {
			isa = XCConfigurationList;
			buildConfigurations = (
				55AC040C1C3106B800093A08 /* Debug */,
				55AC040D1C3106B800093A08 /* Release */,
			);
			defaultConfigurationIsVisible = 0;
			defaultConfigurationName = Release;
		};
		55AC040E1C3106B800093A08 /* Build configuration list for PBXNativeTarget "GPACalculator" */ = {
			isa = XCConfigurationList;
			buildConfigurations = (
				55AC040F1C3106B800093A08 /* Debug */,
				55AC04101C3106B800093A08 /* Release */,
			);
			defaultConfigurationIsVisible = 0;
			defaultConfigurationName = Release;
		};
		55AC04111C3106B800093A08 /* Build configuration list for PBXNativeTarget "GPACalculatorTests" */ = {
			isa = XCConfigurationList;
			buildConfigurations = (
				55AC04121C3106B800093A08 /* Debug */,
				55AC04131C3106B800093A08 /* Release */,
			);
			defaultConfigurationIsVisible = 0;
			defaultConfigurationName = Release;
		};
		55AC04141C3106B800093A08 /* Build configuration list for PBXNativeTarget "GPACalculatorUITests" */ = {
			isa = XCConfigurationList;
			buildConfigurations = (
				55AC04151C3106B800093A08 /* Debug */,
				55AC04161C3106B800093A08 /* Release */,
			);
			defaultConfigurationIsVisible = 0;
			defaultConfigurationName = Release;
		};
/* End XCConfigurationList section */

/* Begin XCVersionGroup section */
		6D08FF701D13B1950007BBA9 /* GPACalculator.xcdatamodeld */ = {
			isa = XCVersionGroup;
			children = (
				6D08FF711D13B1950007BBA9 /* GPACalculator.xcdatamodel */,
			);
			currentVersion = 6D08FF711D13B1950007BBA9 /* GPACalculator.xcdatamodel */;
			path = GPACalculator.xcdatamodeld;
			sourceTree = "<group>";
			versionGroupType = wrapper.xcdatamodel;
		};
/* End XCVersionGroup section */
	};
	rootObject = 55AC03DB1C3106B800093A08 /* Project object */;
}
